
Microsoft Visual Studio Solution File, Format Version 12.00
# Visual Studio Version 16
VisualStudioVersion = 16.0.810.25
MinimumVisualStudioVersion = 10.0.40219.1
Project("{FAE04EC0-301F-11D3-BF4B-00C04F79EFBC}") = "DiceGame", "DiceGame\DiceGame.csproj", "{C39D8F33-80FB-41ED-84BE-0C243EAE32D6}"
EndProject
Global
	GlobalSection(SolutionConfigurationPlatforms) = preSolution
		Debug|Any CPU = Debug|Any CPU
		Release|Any CPU = Release|Any CPU
	EndGlobalSection
	GlobalSection(ProjectConfigurationPlatforms) = postSolution
		{C39D8F33-80FB-41ED-84BE-0C243EAE32D6}.Debug|Any CPU.ActiveCfg = Debug|Any CPU
		{C39D8F33-80FB-41ED-84BE-0C243EAE32D6}.Debug|Any CPU.Build.0 = Debug|Any CPU
		{C39D8F33-80FB-41ED-84BE-0C243EAE32D6}.Release|Any CPU.ActiveCfg = Release|Any CPU
		{C39D8F33-80FB-41ED-84BE-0C243EAE32D6}.Release|Any CPU.Build.0 = Release|Any CPU
	EndGlobalSection
	GlobalSection(SolutionProperties) = preSolution
		HideSolutionNode = FALSE
	EndGlobalSection
	GlobalSection(ExtensibilityGlobals) = postSolution
		SolutionGuid = {C9EEAAE2-FBC1-4B07-9037-6127109AC930}
	EndGlobalSection
EndGlobal
